{
  "name": "tgd-test",
  "version": "1.0.0",
  "lockfileVersion": 1,
  "requires": true,
  "dependencies": {
    "@emmetio/codemirror-plugin": {
      "version": "1.2.4",
      "resolved": "https://registry.npmjs.org/@emmetio/codemirror-plugin/-/codemirror-plugin-1.2.4.tgz",
      "integrity": "sha512-wVw2gqI6X+uVWYVRtTVymzTgbo4hEZIcPCNj4xrXw4l/+L3Qa+tAC/yf+Xy9nenRPCqRq0RLqGiQL+Qf/wYE9Q=="
    },
    "bootstrap": {
      "version": "4.6.0",
      "resolved": "https://registry.npmjs.org/bootstrap/-/bootstrap-4.6.0.tgz",
      "integrity": "sha512-Io55IuQY3kydzHtbGvQya3H+KorS/M9rSNyfCGCg9WZ4pyT/lCxIlpJgG1GXW/PswzC84Tr2fBYi+7+jFVQQBw=="
    },
    "codemirror": {
      "version": "5.60.0",
      "resolved": "https://registry.npmjs.org/codemirror/-/codemirror-5.60.0.tgz",
      "integrity": "sha512-AEL7LhFOlxPlCL8IdTcJDblJm8yrAGib7I+DErJPdZd4l6imx8IMgKK3RblVgBQqz3TZJR4oknQ03bz+uNjBYA=="
    },
    "d2coding": {
      "version": "1.3.2",
      "resolved": "https://registry.npmjs.org/d2coding/-/d2coding-1.3.2.tgz",
      "integrity": "sha512-g+Dgy1ZSAKTgWIl2jhpr6K3keFic8aapOFlVh74eoBYPbjGq5lMdEzANG5w6hFX1fzQBsaAzhuTYICRjyt4OcA=="
    },
    "jquery": {
      "version": "3.6.0",
      "resolved": "https://registry.npmjs.org/jquery/-/jquery-3.6.0.tgz",
      "integrity": "sha512-JVzAR/AjBvVt2BmYhxRCSYysDsPcssdmTFnzyLEts9qNwmjmu4JTAMYubEfwVOSwpQ1I1sKKFcxhZCI2buerfw=="
    },
    "monaco-editor": {
      "version": "0.23.0",
      "resolved": "https://registry.npmjs.org/monaco-editor/-/monaco-editor-0.23.0.tgz",
      "integrity": "sha512-q+CP5zMR/aFiMTE9QlIavGyGicKnG2v/H8qVvybLzeFsARM8f6G9fL0sMST2tyVYCwDKkGamZUI6647A0jR/Lg=="
    },
    "nodejs": {
      "version": "0.0.0",
      "resolved": "https://registry.npmjs.org/nodejs/-/nodejs-0.0.0.tgz",
      "integrity": "sha1-RyL6LhisTrc6Qq4W0B41hKErdTE="
    }
  }
}
